NeoBundleLock gtags.vim 10f0a7a0570786674637299c344a464f19fa7cf4
NeoBundleLock molokai c67bdfcdb31415aa0ade7f8c003261700a885476
NeoBundleLock neobundle.vim 26d03781886ed887e390d4ad8b935987754b1c2c
NeoBundleLock neocomplcache 10f0a7a0570786674637299c344a464f19fa7cf4
NeoBundleLock nerdtree 10f0a7a0570786674637299c344a464f19fa7cf4
NeoBundleLock unite.vim 10f0a7a0570786674637299c344a464f19fa7cf4
NeoBundleLock vim-powerline 10f0a7a0570786674637299c344a464f19fa7cf4
